
Microsoft Visual Studio Solution File, Format Version 12.00
# Visual Studio Version 16
VisualStudioVersion = 16.0.30523.141
MinimumVisualStudioVersion = 10.0.40219.1
Project("{FAE04EC0-301F-11D3-BF4B-00C04F79EFBC}") = "TurismoReal", "TurismoReal\TurismoReal.csproj", "{A0DAA832-910A-43FC-A5C0-02B8CCAD22AF}"
EndProject
Global
	GlobalSection(SolutionConfigurationPlatforms) = preSolution
		Debug|Any CPU = Debug|Any CPU
		Release|Any CPU = Release|Any CPU
	EndGlobalSection
	GlobalSection(ProjectConfigurationPlatforms) = postSolution
		{A0DAA832-910A-43FC-A5C0-02B8CCAD22AF}.Debug|Any CPU.ActiveCfg = Debug|Any CPU
		{A0DAA832-910A-43FC-A5C0-02B8CCAD22AF}.Debug|Any CPU.Build.0 = Debug|Any CPU
		{A0DAA832-910A-43FC-A5C0-02B8CCAD22AF}.Release|Any CPU.ActiveCfg = Release|Any CPU
		{A0DAA832-910A-43FC-A5C0-02B8CCAD22AF}.Release|Any CPU.Build.0 = Release|Any CPU
	EndGlobalSection
	GlobalSection(SolutionProperties) = preSolution
		HideSolutionNode = FALSE
	EndGlobalSection
	GlobalSection(ExtensibilityGlobals) = postSolution
		SolutionGuid = {858EFC4F-5712-499E-AF5D-8B540835B0FF}
	EndGlobalSection
EndGlobal
